
Microsoft Visual Studio Solution File, Format Version 12.00
Project("{FAE04EC0-301F-11D3-BF4B-00C04F79EFBC}") = "BucketSort_D", "BucketSort_D\BucketSort_D.csproj", "{CCF3AC14-7C54-45C9-9919-ED72E4DB03E7}"
EndProject
Global
	GlobalSection(SolutionConfigurationPlatforms) = preSolution
		Debug|Any CPU = Debug|Any CPU
		Release|Any CPU = Release|Any CPU
	EndGlobalSection
	GlobalSection(ProjectConfigurationPlatforms) = postSolution
		{CCF3AC14-7C54-45C9-9919-ED72E4DB03E7}.Debug|Any CPU.ActiveCfg = Debug|Any CPU
		{CCF3AC14-7C54-45C9-9919-ED72E4DB03E7}.Debug|Any CPU.Build.0 = Debug|Any CPU
		{CCF3AC14-7C54-45C9-9919-ED72E4DB03E7}.Release|Any CPU.ActiveCfg = Release|Any CPU
		{CCF3AC14-7C54-45C9-9919-ED72E4DB03E7}.Release|Any CPU.Build.0 = Release|Any CPU
	EndGlobalSection
EndGlobal
